
Microsoft Visual Studio Solution File, Format Version 12.00
# Visual Studio Version 16
VisualStudioVersion = 16.0.29424.173
MinimumVisualStudioVersion = 10.0.40219.1
Project("{FAE04EC0-301F-11D3-BF4B-00C04F79EFBC}") = "Weikio.ApiFramework.SDK.DatabasePlugin", "Weikio.ApiFramework.SDK.DatabasePlugin\Weikio.ApiFramework.SDK.DatabasePlugin.csproj", "{E63C7F74-FC77-4369-B34A-BB95DF07059B}"
EndProject
Global
	GlobalSection(SolutionConfigurationPlatforms) = preSolution
		Debug|Any CPU = Debug|Any CPU
		Release|Any CPU = Release|Any CPU
	EndGlobalSection
	GlobalSection(ProjectConfigurationPlatforms) = postSolution
		{8E5BD3CF-D7E9-4AFE-A42D-CFB1B2026628}.Debug|Any CPU.ActiveCfg = Debug|Any CPU
		{8E5BD3CF-D7E9-4AFE-A42D-CFB1B2026628}.Debug|Any CPU.Build.0 = Debug|Any CPU
		{8E5BD3CF-D7E9-4AFE-A42D-CFB1B2026628}.Release|Any CPU.ActiveCfg = Release|Any CPU
		{8E5BD3CF-D7E9-4AFE-A42D-CFB1B2026628}.Release|Any CPU.Build.0 = Release|Any CPU
		{BB8E6C67-4C10-4744-83AD-6BE0177D5CF7}.Debug|Any CPU.ActiveCfg = Debug|Any CPU
		{BB8E6C67-4C10-4744-83AD-6BE0177D5CF7}.Debug|Any CPU.Build.0 = Debug|Any CPU
		{BB8E6C67-4C10-4744-83AD-6BE0177D5CF7}.Release|Any CPU.ActiveCfg = Release|Any CPU
		{BB8E6C67-4C10-4744-83AD-6BE0177D5CF7}.Release|Any CPU.Build.0 = Release|Any CPU
		{E63C7F74-FC77-4369-B34A-BB95DF07059B}.Debug|Any CPU.ActiveCfg = Debug|Any CPU
		{E63C7F74-FC77-4369-B34A-BB95DF07059B}.Debug|Any CPU.Build.0 = Debug|Any CPU
		{E63C7F74-FC77-4369-B34A-BB95DF07059B}.Release|Any CPU.ActiveCfg = Release|Any CPU
		{E63C7F74-FC77-4369-B34A-BB95DF07059B}.Release|Any CPU.Build.0 = Release|Any CPU
	EndGlobalSection
	GlobalSection(SolutionProperties) = preSolution
		HideSolutionNode = FALSE
	EndGlobalSection
	GlobalSection(ExtensibilityGlobals) = postSolution
		SolutionGuid = {1B4932A2-FEAF-44B3-A593-317BD951FBA7}
	EndGlobalSection
	GlobalSection(NestedProjects) = preSolution
		{BB8E6C67-4C10-4744-83AD-6BE0177D5CF7} = {EDF49F00-5CA1-4019-B3C6-641B455DFCF7}
	EndGlobalSection
EndGlobal
